{
  "name": "fight-club-api",
  "lockfileVersion": 2,
  "requires": true,
  "packages": {
    "": {
      "dependencies": {
        "activestorage": "^5.2.6"
      }
    },
    "node_modules/activestorage": {
      "version": "5.2.6",
      "resolved": "https://registry.npmjs.org/activestorage/-/activestorage-5.2.6.tgz",
      "integrity": "sha512-VXikE6gbraSe7gYJHPHSb1bq74Lg1uPp21PnlYnY26b9jqOE1ULY4qXH/hnLG73F0K1GmjsxjkhqzEIKKl5L0A==",
      "dependencies": {
        "spark-md5": "^3.0.0"
      }
    },
    "node_modules/spark-md5": {
      "version": "3.0.1",
      "resolved": "https://registry.npmjs.org/spark-md5/-/spark-md5-3.0.1.tgz",
      "integrity": "sha512-0tF3AGSD1ppQeuffsLDIOWlKUd3lS92tFxcsrh5Pe3ZphhnoK+oXIBTzOAThZCiuINZLvpiLH/1VS1/ANEJVig=="
    }
  },
  "dependencies": {
    "activestorage": {
      "version": "5.2.6",
      "resolved": "https://registry.npmjs.org/activestorage/-/activestorage-5.2.6.tgz",
      "integrity": "sha512-VXikE6gbraSe7gYJHPHSb1bq74Lg1uPp21PnlYnY26b9jqOE1ULY4qXH/hnLG73F0K1GmjsxjkhqzEIKKl5L0A==",
      "requires": {
        "spark-md5": "^3.0.0"
      }
    },
    "spark-md5": {
      "version": "3.0.1",
      "resolved": "https://registry.npmjs.org/spark-md5/-/spark-md5-3.0.1.tgz",
      "integrity": "sha512-0tF3AGSD1ppQeuffsLDIOWlKUd3lS92tFxcsrh5Pe3ZphhnoK+oXIBTzOAThZCiuINZLvpiLH/1VS1/ANEJVig=="
    }
  }
}
